
Microsoft Visual Studio Solution File, Format Version 12.00
# Visual Studio 15
VisualStudioVersion = 15.0.27428.2027
MinimumVisualStudioVersion = 10.0.40219.1
Project("{FAE04EC0-301F-11D3-BF4B-00C04F79EFBC}") = "EvoDevoCore", "EvoDevoCore\EvoDevoCore.csproj", "{C2DB470C-5B0C-45A8-BF9E-2BE8F908A6C5}"
EndProject
Project("{FAE04EC0-301F-11D3-BF4B-00C04F79EFBC}") = "EvoDevo", "EvoDevo\EvoDevo.csproj", "{460E99CA-E0B4-479C-9F84-E2843E396ED9}"
EndProject
Project("{FAE04EC0-301F-11D3-BF4B-00C04F79EFBC}") = "EvoDevoWeb", "EvoDevoWeb\EvoDevoWeb.csproj", "{9A7CB3F2-881B-49C7-83E6-E37F2E33388D}"
EndProject
Global
	GlobalSection(SolutionConfigurationPlatforms) = preSolution
		Debug|Android = Debug|Android
		Debug|Any CPU = Debug|Any CPU
		Debug|iOS = Debug|iOS
		Debug|iPhone = Debug|iPhone
		Debug|iPhoneSimulator = Debug|iPhoneSimulator
		Debug|Windows-ARM = Debug|Windows-ARM
		Debug|Windows-x64 = Debug|Windows-x64
		Debug|Windows-x86 = Debug|Windows-x86
		Debug|x86 = Debug|x86
		Release|Android = Release|Android
		Release|Any CPU = Release|Any CPU
		Release|iOS = Release|iOS
		Release|iPhone = Release|iPhone
		Release|iPhoneSimulator = Release|iPhoneSimulator
		Release|Windows-ARM = Release|Windows-ARM
		Release|Windows-x64 = Release|Windows-x64
		Release|Windows-x86 = Release|Windows-x86
		Release|x86 = Release|x86
	EndGlobalSection
	GlobalSection(ProjectConfigurationPlatforms) = postSolution
		{C2DB470C-5B0C-45A8-BF9E-2BE8F908A6C5}.Debug|Android.ActiveCfg = Debug|Any CPU
		{C2DB470C-5B0C-45A8-BF9E-2BE8F908A6C5}.Debug|Android.Build.0 = Debug|Any CPU
		{C2DB470C-5B0C-45A8-BF9E-2BE8F908A6C5}.Debug|Any CPU.ActiveCfg = Debug|Any CPU
		{C2DB470C-5B0C-45A8-BF9E-2BE8F908A6C5}.Debug|Any CPU.Build.0 = Debug|Any CPU
		{C2DB470C-5B0C-45A8-BF9E-2BE8F908A6C5}.Debug|iOS.ActiveCfg = Debug|Any CPU
		{C2DB470C-5B0C-45A8-BF9E-2BE8F908A6C5}.Debug|iOS.Build.0 = Debug|Any CPU
		{C2DB470C-5B0C-45A8-BF9E-2BE8F908A6C5}.Debug|iPhone.ActiveCfg = Debug|Any CPU
		{C2DB470C-5B0C-45A8-BF9E-2BE8F908A6C5}.Debug|iPhone.Build.0 = Debug|Any CPU
		{C2DB470C-5B0C-45A8-BF9E-2BE8F908A6C5}.Debug|iPhoneSimulator.ActiveCfg = Debug|Any CPU
		{C2DB470C-5B0C-45A8-BF9E-2BE8F908A6C5}.Debug|iPhoneSimulator.Build.0 = Debug|Any CPU
		{C2DB470C-5B0C-45A8-BF9E-2BE8F908A6C5}.Debug|Windows-ARM.ActiveCfg = Debug|Any CPU
		{C2DB470C-5B0C-45A8-BF9E-2BE8F908A6C5}.Debug|Windows-ARM.Build.0 = Debug|Any CPU
		{C2DB470C-5B0C-45A8-BF9E-2BE8F908A6C5}.Debug|Windows-x64.ActiveCfg = Debug|Any CPU
		{C2DB470C-5B0C-45A8-BF9E-2BE8F908A6C5}.Debug|Windows-x64.Build.0 = Debug|Any CPU
		{C2DB470C-5B0C-45A8-BF9E-2BE8F908A6C5}.Debug|Windows-x86.ActiveCfg = Debug|Any CPU
		{C2DB470C-5B0C-45A8-BF9E-2BE8F908A6C5}.Debug|Windows-x86.Build.0 = Debug|Any CPU
		{C2DB470C-5B0C-45A8-BF9E-2BE8F908A6C5}.Debug|x86.ActiveCfg = Debug|Any CPU
		{C2DB470C-5B0C-45A8-BF9E-2BE8F908A6C5}.Debug|x86.Build.0 = Debug|Any CPU
		{C2DB470C-5B0C-45A8-BF9E-2BE8F908A6C5}.Release|Android.ActiveCfg = Release|Any CPU
		{C2DB470C-5B0C-45A8-BF9E-2BE8F908A6C5}.Release|Android.Build.0 = Release|Any CPU
		{C2DB470C-5B0C-45A8-BF9E-2BE8F908A6C5}.Release|Any CPU.ActiveCfg = Release|Any CPU
		{C2DB470C-5B0C-45A8-BF9E-2BE8F908A6C5}.Release|Any CPU.Build.0 = Release|Any CPU
		{C2DB470C-5B0C-45A8-BF9E-2BE8F908A6C5}.Release|iOS.ActiveCfg = Release|Any CPU
		{C2DB470C-5B0C-45A8-BF9E-2BE8F908A6C5}.Release|iOS.Build.0 = Release|Any CPU
		{C2DB470C-5B0C-45A8-BF9E-2BE8F908A6C5}.Release|iPhone.ActiveCfg = Release|Any CPU
		{C2DB470C-5B0C-45A8-BF9E-2BE8F908A6C5}.Release|iPhone.Build.0 = Release|Any CPU
		{C2DB470C-5B0C-45A8-BF9E-2BE8F908A6C5}.Release|iPhoneSimulator.ActiveCfg = Release|Any CPU
		{C2DB470C-5B0C-45A8-BF9E-2BE8F908A6C5}.Release|iPhoneSimulator.Build.0 = Release|Any CPU
		{C2DB470C-5B0C-45A8-BF9E-2BE8F908A6C5}.Release|Windows-ARM.ActiveCfg = Release|Any CPU
		{C2DB470C-5B0C-45A8-BF9E-2BE8F908A6C5}.Release|Windows-ARM.Build.0 = Release|Any CPU
		{C2DB470C-5B0C-45A8-BF9E-2BE8F908A6C5}.Release|Windows-x64.ActiveCfg = Release|Any CPU
		{C2DB470C-5B0C-45A8-BF9E-2BE8F908A6C5}.Release|Windows-x64.Build.0 = Release|Any CPU
		{C2DB470C-5B0C-45A8-BF9E-2BE8F908A6C5}.Release|Windows-x86.ActiveCfg = Release|Any CPU
		{C2DB470C-5B0C-45A8-BF9E-2BE8F908A6C5}.Release|Windows-x86.Build.0 = Release|Any CPU
		{C2DB470C-5B0C-45A8-BF9E-2BE8F908A6C5}.Release|x86.ActiveCfg = Release|Any CPU
		{C2DB470C-5B0C-45A8-BF9E-2BE8F908A6C5}.Release|x86.Build.0 = Release|Any CPU
		{460E99CA-E0B4-479C-9F84-E2843E396ED9}.Debug|Android.ActiveCfg = Debug|Any CPU
		{460E99CA-E0B4-479C-9F84-E2843E396ED9}.Debug|Android.Build.0 = Debug|Any CPU
		{460E99CA-E0B4-479C-9F84-E2843E396ED9}.Debug|Any CPU.ActiveCfg = Debug|Any CPU
		{460E99CA-E0B4-479C-9F84-E2843E396ED9}.Debug|Any CPU.Build.0 = Debug|Any CPU
		{460E99CA-E0B4-479C-9F84-E2843E396ED9}.Debug|iOS.ActiveCfg = Debug|Any CPU
		{460E99CA-E0B4-479C-9F84-E2843E396ED9}.Debug|iOS.Build.0 = Debug|Any CPU
		{460E99CA-E0B4-479C-9F84-E2843E396ED9}.Debug|iPhone.ActiveCfg = Debug|Any CPU
		{460E99CA-E0B4-479C-9F84-E2843E396ED9}.Debug|iPhone.Build.0 = Debug|Any CPU
		{460E99CA-E0B4-479C-9F84-E2843E396ED9}.Debug|iPhoneSimulator.ActiveCfg = Debug|Any CPU
		{460E99CA-E0B4-479C-9F84-E2843E396ED9}.Debug|iPhoneSimulator.Build.0 = Debug|Any CPU
		{460E99CA-E0B4-479C-9F84-E2843E396ED9}.Debug|Windows-ARM.ActiveCfg = Debug|Any CPU
		{460E99CA-E0B4-479C-9F84-E2843E396ED9}.Debug|Windows-ARM.Build.0 = Debug|Any CPU
		{460E99CA-E0B4-479C-9F84-E2843E396ED9}.Debug|Windows-x64.ActiveCfg = Debug|Any CPU
		{460E99CA-E0B4-479C-9F84-E2843E396ED9}.Debug|Windows-x64.Build.0 = Debug|Any CPU
		{460E99CA-E0B4-479C-9F84-E2843E396ED9}.Debug|Windows-x86.ActiveCfg = Debug|Any CPU
		{460E99CA-E0B4-479C-9F84-E2843E396ED9}.Debug|Windows-x86.Build.0 = Debug|Any CPU
		{460E99CA-E0B4-479C-9F84-E2843E396ED9}.Debug|x86.ActiveCfg = Debug|Any CPU
		{460E99CA-E0B4-479C-9F84-E2843E396ED9}.Debug|x86.Build.0 = Debug|Any CPU
		{460E99CA-E0B4-479C-9F84-E2843E396ED9}.Release|Android.ActiveCfg = Release|Any CPU
		{460E99CA-E0B4-479C-9F84-E2843E396ED9}.Release|Android.Build.0 = Release|Any CPU
		{460E99CA-E0B4-479C-9F84-E2843E396ED9}.Release|Any CPU.ActiveCfg = Release|Any CPU
		{460E99CA-E0B4-479C-9F84-E2843E396ED9}.Release|Any CPU.Build.0 = Release|Any CPU
		{460E99CA-E0B4-479C-9F84-E2843E396ED9}.Release|iOS.ActiveCfg = Release|Any CPU
		{460E99CA-E0B4-479C-9F84-E2843E396ED9}.Release|iOS.Build.0 = Release|Any CPU
		{460E99CA-E0B4-479C-9F84-E2843E396ED9}.Release|iPhone.ActiveCfg = Release|Any CPU
		{460E99CA-E0B4-479C-9F84-E2843E396ED9}.Release|iPhone.Build.0 = Release|Any CPU
		{460E99CA-E0B4-479C-9F84-E2843E396ED9}.Release|iPhoneSimulator.ActiveCfg = Release|Any CPU
		{460E99CA-E0B4-479C-9F84-E2843E396ED9}.Release|iPhoneSimulator.Build.0 = Release|Any CPU
		{460E99CA-E0B4-479C-9F84-E2843E396ED9}.Release|Windows-ARM.ActiveCfg = Release|Any CPU
		{460E99CA-E0B4-479C-9F84-E2843E396ED9}.Release|Windows-ARM.Build.0 = Release|Any CPU
		{460E99CA-E0B4-479C-9F84-E2843E396ED9}.Release|Windows-x64.ActiveCfg = Release|Any CPU
		{460E99CA-E0B4-479C-9F84-E2843E396ED9}.Release|Windows-x64.Build.0 = Release|Any CPU
		{460E99CA-E0B4-479C-9F84-E2843E396ED9}.Release|Windows-x86.ActiveCfg = Release|Any CPU
		{460E99CA-E0B4-479C-9F84-E2843E396ED9}.Release|Windows-x86.Build.0 = Release|Any CPU
		{460E99CA-E0B4-479C-9F84-E2843E396ED9}.Release|x86.ActiveCfg = Release|Any CPU
		{460E99CA-E0B4-479C-9F84-E2843E396ED9}.Release|x86.Build.0 = Release|Any CPU
		{9A7CB3F2-881B-49C7-83E6-E37F2E33388D}.Debug|Android.ActiveCfg = Debug|Any CPU
		{9A7CB3F2-881B-49C7-83E6-E37F2E33388D}.Debug|Android.Build.0 = Debug|Any CPU
		{9A7CB3F2-881B-49C7-83E6-E37F2E33388D}.Debug|Any CPU.ActiveCfg = Debug|Any CPU
		{9A7CB3F2-881B-49C7-83E6-E37F2E33388D}.Debug|Any CPU.Build.0 = Debug|Any CPU
		{9A7CB3F2-881B-49C7-83E6-E37F2E33388D}.Debug|iOS.ActiveCfg = Debug|Any CPU
		{9A7CB3F2-881B-49C7-83E6-E37F2E33388D}.Debug|iOS.Build.0 = Debug|Any CPU
		{9A7CB3F2-881B-49C7-83E6-E37F2E33388D}.Debug|iPhone.ActiveCfg = Debug|Any CPU
		{9A7CB3F2-881B-49C7-83E6-E37F2E33388D}.Debug|iPhone.Build.0 = Debug|Any CPU
		{9A7CB3F2-881B-49C7-83E6-E37F2E33388D}.Debug|iPhoneSimulator.ActiveCfg = Debug|Any CPU
		{9A7CB3F2-881B-49C7-83E6-E37F2E33388D}.Debug|iPhoneSimulator.Build.0 = Debug|Any CPU
		{9A7CB3F2-881B-49C7-83E6-E37F2E33388D}.Debug|Windows-ARM.ActiveCfg = Debug|Any CPU
		{9A7CB3F2-881B-49C7-83E6-E37F2E33388D}.Debug|Windows-ARM.Build.0 = Debug|Any CPU
		{9A7CB3F2-881B-49C7-83E6-E37F2E33388D}.Debug|Windows-x64.ActiveCfg = Debug|Any CPU
		{9A7CB3F2-881B-49C7-83E6-E37F2E33388D}.Debug|Windows-x64.Build.0 = Debug|Any CPU
		{9A7CB3F2-881B-49C7-83E6-E37F2E33388D}.Debug|Windows-x86.ActiveCfg = Debug|Any CPU
		{9A7CB3F2-881B-49C7-83E6-E37F2E33388D}.Debug|Windows-x86.Build.0 = Debug|Any CPU
		{9A7CB3F2-881B-49C7-83E6-E37F2E33388D}.Debug|x86.ActiveCfg = Debug|Any CPU
		{9A7CB3F2-881B-49C7-83E6-E37F2E33388D}.Debug|x86.Build.0 = Debug|Any CPU
		{9A7CB3F2-881B-49C7-83E6-E37F2E33388D}.Release|Android.ActiveCfg = Release|Any CPU
		{9A7CB3F2-881B-49C7-83E6-E37F2E33388D}.Release|Android.Build.0 = Release|Any CPU
		{9A7CB3F2-881B-49C7-83E6-E37F2E33388D}.Release|Any CPU.ActiveCfg = Release|Any CPU
		{9A7CB3F2-881B-49C7-83E6-E37F2E33388D}.Release|Any CPU.Build.0 = Release|Any CPU
		{9A7CB3F2-881B-49C7-83E6-E37F2E33388D}.Release|iOS.ActiveCfg = Release|Any CPU
		{9A7CB3F2-881B-49C7-83E6-E37F2E33388D}.Release|iOS.Build.0 = Release|Any CPU
		{9A7CB3F2-881B-49C7-83E6-E37F2E33388D}.Release|iPhone.ActiveCfg = Release|Any CPU
		{9A7CB3F2-881B-49C7-83E6-E37F2E33388D}.Release|iPhone.Build.0 = Release|Any CPU
		{9A7CB3F2-881B-49C7-83E6-E37F2E33388D}.Release|iPhoneSimulator.ActiveCfg = Release|Any CPU
		{9A7CB3F2-881B-49C7-83E6-E37F2E33388D}.Release|iPhoneSimulator.Build.0 = Release|Any CPU
		{9A7CB3F2-881B-49C7-83E6-E37F2E33388D}.Release|Windows-ARM.ActiveCfg = Release|Any CPU
		{9A7CB3F2-881B-49C7-83E6-E37F2E33388D}.Release|Windows-ARM.Build.0 = Release|Any CPU
		{9A7CB3F2-881B-49C7-83E6-E37F2E33388D}.Release|Windows-x64.ActiveCfg = Release|Any CPU
		{9A7CB3F2-881B-49C7-83E6-E37F2E33388D}.Release|Windows-x64.Build.0 = Release|Any CPU
		{9A7CB3F2-881B-49C7-83E6-E37F2E33388D}.Release|Windows-x86.ActiveCfg = Release|Any CPU
		{9A7CB3F2-881B-49C7-83E6-E37F2E33388D}.Release|Windows-x86.Build.0 = Release|Any CPU
		{9A7CB3F2-881B-49C7-83E6-E37F2E33388D}.Release|x86.ActiveCfg = Release|Any CPU
		{9A7CB3F2-881B-49C7-83E6-E37F2E33388D}.Release|x86.Build.0 = Release|Any CPU
	EndGlobalSection
	GlobalSection(SolutionProperties) = preSolution
		HideSolutionNode = FALSE
	EndGlobalSection
	GlobalSection(ExtensibilityGlobals) = postSolution
		SolutionGuid = {E3C229AC-ED42-4F89-A581-9BEC64A558BF}
	EndGlobalSection
EndGlobal
